
Microsoft Visual Studio Solution File, Format Version 12.00
# Visual Studio Version 17
VisualStudioVersion = 17.1.32210.238
MinimumVisualStudioVersion = 10.0.40219.1
Project("{9A19103F-16F7-4668-BE54-9A1E7A4F7556}") = "ZooBazzar_Group03", "ZooBazzar_Group03\ZooBazzar_Group03.csproj", "{34AF69C5-424D-468A-93D6-CB364C29714D}"
EndProject
Project("{9A19103F-16F7-4668-BE54-9A1E7A4F7556}") = "LogicLayer", "LogicLayer\LogicLayer.csproj", "{CB6B210A-4C9A-4596-845D-6C1EBB4B64F6}"
EndProject
Project("{9A19103F-16F7-4668-BE54-9A1E7A4F7556}") = "DataAccessLayer", "DataAccessLayer\DataAccessLayer.csproj", "{97054FAD-DBC5-4570-80C7-B4C401D5C58D}"
EndProject
Project("{9A19103F-16F7-4668-BE54-9A1E7A4F7556}") = "Entities", "Entities\Entities.csproj", "{D3B96B9A-628B-47CD-BAEE-1CE70AF77542}"
EndProject
Project("{9A19103F-16F7-4668-BE54-9A1E7A4F7556}") = "ZooBazzarWebApp", "ZooBazzarWebApp\ZooBazzarWebApp.csproj", "{342D3E24-EB6E-474C-AE2B-3D970FADC852}"
EndProject
Project("{9A19103F-16F7-4668-BE54-9A1E7A4F7556}") = "UnitTesting", "UnitTesting\UnitTesting.csproj", "{459E0ED4-327E-482F-B7CC-19D3BD4852A8}"
EndProject
Global
	GlobalSection(SolutionConfigurationPlatforms) = preSolution
		Debug|Any CPU = Debug|Any CPU
		Release|Any CPU = Release|Any CPU
	EndGlobalSection
	GlobalSection(ProjectConfigurationPlatforms) = postSolution
		{34AF69C5-424D-468A-93D6-CB364C29714D}.Debug|Any CPU.ActiveCfg = Debug|Any CPU
		{34AF69C5-424D-468A-93D6-CB364C29714D}.Debug|Any CPU.Build.0 = Debug|Any CPU
		{34AF69C5-424D-468A-93D6-CB364C29714D}.Release|Any CPU.ActiveCfg = Release|Any CPU
		{34AF69C5-424D-468A-93D6-CB364C29714D}.Release|Any CPU.Build.0 = Release|Any CPU
		{CB6B210A-4C9A-4596-845D-6C1EBB4B64F6}.Debug|Any CPU.ActiveCfg = Debug|Any CPU
		{CB6B210A-4C9A-4596-845D-6C1EBB4B64F6}.Debug|Any CPU.Build.0 = Debug|Any CPU
		{CB6B210A-4C9A-4596-845D-6C1EBB4B64F6}.Release|Any CPU.ActiveCfg = Release|Any CPU
		{CB6B210A-4C9A-4596-845D-6C1EBB4B64F6}.Release|Any CPU.Build.0 = Release|Any CPU
		{97054FAD-DBC5-4570-80C7-B4C401D5C58D}.Debug|Any CPU.ActiveCfg = Debug|Any CPU
		{97054FAD-DBC5-4570-80C7-B4C401D5C58D}.Debug|Any CPU.Build.0 = Debug|Any CPU
		{97054FAD-DBC5-4570-80C7-B4C401D5C58D}.Release|Any CPU.ActiveCfg = Release|Any CPU
		{97054FAD-DBC5-4570-80C7-B4C401D5C58D}.Release|Any CPU.Build.0 = Release|Any CPU
		{D3B96B9A-628B-47CD-BAEE-1CE70AF77542}.Debug|Any CPU.ActiveCfg = Debug|Any CPU
		{D3B96B9A-628B-47CD-BAEE-1CE70AF77542}.Debug|Any CPU.Build.0 = Debug|Any CPU
		{D3B96B9A-628B-47CD-BAEE-1CE70AF77542}.Release|Any CPU.ActiveCfg = Release|Any CPU
		{D3B96B9A-628B-47CD-BAEE-1CE70AF77542}.Release|Any CPU.Build.0 = Release|Any CPU
		{342D3E24-EB6E-474C-AE2B-3D970FADC852}.Debug|Any CPU.ActiveCfg = Debug|Any CPU
		{342D3E24-EB6E-474C-AE2B-3D970FADC852}.Debug|Any CPU.Build.0 = Debug|Any CPU
		{342D3E24-EB6E-474C-AE2B-3D970FADC852}.Release|Any CPU.ActiveCfg = Release|Any CPU
		{342D3E24-EB6E-474C-AE2B-3D970FADC852}.Release|Any CPU.Build.0 = Release|Any CPU
		{459E0ED4-327E-482F-B7CC-19D3BD4852A8}.Debug|Any CPU.ActiveCfg = Debug|Any CPU
		{459E0ED4-327E-482F-B7CC-19D3BD4852A8}.Debug|Any CPU.Build.0 = Debug|Any CPU
		{459E0ED4-327E-482F-B7CC-19D3BD4852A8}.Release|Any CPU.ActiveCfg = Release|Any CPU
		{459E0ED4-327E-482F-B7CC-19D3BD4852A8}.Release|Any CPU.Build.0 = Release|Any CPU
	EndGlobalSection
	GlobalSection(SolutionProperties) = preSolution
		HideSolutionNode = FALSE
	EndGlobalSection
	GlobalSection(ExtensibilityGlobals) = postSolution
		SolutionGuid = {E8C4A8DA-7B69-4817-A77B-F2CA2E0A7765}
	EndGlobalSection
EndGlobal
